
Microsoft Visual Studio Solution File, Format Version 12.00
# Visual Studio 15
VisualStudioVersion = 15.0.28307.1062
MinimumVisualStudioVersion = 10.0.40219.1
Project("{9A19103F-16F7-4668-BE54-9A1E7A4F7556}") = "V.Test", "V.Test.csproj", "{8465D308-8CBA-42DC-A74F-34BA01A5E13C}"
EndProject
Global
	GlobalSection(SolutionConfigurationPlatforms) = preSolution
		Debug|Any CPU = Debug|Any CPU
		Release|Any CPU = Release|Any CPU
	EndGlobalSection
	GlobalSection(ProjectConfigurationPlatforms) = postSolution
		{8465D308-8CBA-42DC-A74F-34BA01A5E13C}.Debug|Any CPU.ActiveCfg = Debug|Any CPU
		{8465D308-8CBA-42DC-A74F-34BA01A5E13C}.Debug|Any CPU.Build.0 = Debug|Any CPU
		{8465D308-8CBA-42DC-A74F-34BA01A5E13C}.Release|Any CPU.ActiveCfg = Release|Any CPU
		{8465D308-8CBA-42DC-A74F-34BA01A5E13C}.Release|Any CPU.Build.0 = Release|Any CPU
	EndGlobalSection
	GlobalSection(SolutionProperties) = preSolution
		HideSolutionNode = FALSE
	EndGlobalSection
	GlobalSection(ExtensibilityGlobals) = postSolution
		SolutionGuid = {8B6DBF4F-8626-4C23-9189-B99D8B542C14}
	EndGlobalSection
EndGlobal
